
Microsoft Visual Studio Solution File, Format Version 12.00
# Visual Studio Version 16
VisualStudioVersion = 16.0.29326.143
MinimumVisualStudioVersion = 10.0.40219.1
Project("{FAE04EC0-301F-11D3-BF4B-00C04F79EFBC}") = "CinemaOnline", "CinemaOnline\CinemaOnline.csproj", "{4D34E5C8-7504-40DD-8EE1-71CFC88CD5C2}"
EndProject
Project("{FAE04EC0-301F-11D3-BF4B-00C04F79EFBC}") = "BELibrary", "BELibrary\BELibrary.csproj", "{98A12BEB-3EA8-448A-BE64-F67242449103}"
EndProject
Global
	GlobalSection(SolutionConfigurationPlatforms) = preSolution
		Debug|Any CPU = Debug|Any CPU
		Release|Any CPU = Release|Any CPU
	EndGlobalSection
	GlobalSection(ProjectConfigurationPlatforms) = postSolution
		{4D34E5C8-7504-40DD-8EE1-71CFC88CD5C2}.Debug|Any CPU.ActiveCfg = Debug|Any CPU
		{4D34E5C8-7504-40DD-8EE1-71CFC88CD5C2}.Debug|Any CPU.Build.0 = Debug|Any CPU
		{4D34E5C8-7504-40DD-8EE1-71CFC88CD5C2}.Release|Any CPU.ActiveCfg = Release|Any CPU
		{4D34E5C8-7504-40DD-8EE1-71CFC88CD5C2}.Release|Any CPU.Build.0 = Release|Any CPU
		{98A12BEB-3EA8-448A-BE64-F67242449103}.Debug|Any CPU.ActiveCfg = Debug|Any CPU
		{98A12BEB-3EA8-448A-BE64-F67242449103}.Debug|Any CPU.Build.0 = Debug|Any CPU
		{98A12BEB-3EA8-448A-BE64-F67242449103}.Release|Any CPU.ActiveCfg = Release|Any CPU
		{98A12BEB-3EA8-448A-BE64-F67242449103}.Release|Any CPU.Build.0 = Release|Any CPU
	EndGlobalSection
	GlobalSection(SolutionProperties) = preSolution
		HideSolutionNode = FALSE
	EndGlobalSection
	GlobalSection(ExtensibilityGlobals) = postSolution
		SolutionGuid = {B02CC8B6-A32D-4A5E-9F83-46B5CC4733DB}
	EndGlobalSection
	 
EndGlobal
